
Microsoft Visual Studio Solution File, Format Version 12.00
# Visual Studio Version 16
VisualStudioVersion = 16.0.29728.190
MinimumVisualStudioVersion = 10.0.40219.1
Project("{8BC9CEB8-8B4A-11D0-8D11-00A0C91BC942}") = "37midterm comaring two numbers", "37midterm comaring two numbers\37midterm comaring two numbers.vcxproj", "{CB6264D8-B50D-4451-90E7-99710E7F6B28}"
EndProject
Global
	GlobalSection(SolutionConfigurationPlatforms) = preSolution
		Debug|x64 = Debug|x64
		Debug|x86 = Debug|x86
		Release|x64 = Release|x64
		Release|x86 = Release|x86
	EndGlobalSection
	GlobalSection(ProjectConfigurationPlatforms) = postSolution
		{CB6264D8-B50D-4451-90E7-99710E7F6B28}.Debug|x64.ActiveCfg = Debug|x64
		{CB6264D8-B50D-4451-90E7-99710E7F6B28}.Debug|x64.Build.0 = Debug|x64
		{CB6264D8-B50D-4451-90E7-99710E7F6B28}.Debug|x86.ActiveCfg = Debug|Win32
		{CB6264D8-B50D-4451-90E7-99710E7F6B28}.Debug|x86.Build.0 = Debug|Win32
		{CB6264D8-B50D-4451-90E7-99710E7F6B28}.Release|x64.ActiveCfg = Release|x64
		{CB6264D8-B50D-4451-90E7-99710E7F6B28}.Release|x64.Build.0 = Release|x64
		{CB6264D8-B50D-4451-90E7-99710E7F6B28}.Release|x86.ActiveCfg = Release|Win32
		{CB6264D8-B50D-4451-90E7-99710E7F6B28}.Release|x86.Build.0 = Release|Win32
	EndGlobalSection
	GlobalSection(SolutionProperties) = preSolution
		HideSolutionNode = FALSE
	EndGlobalSection
	GlobalSection(ExtensibilityGlobals) = postSolution
		SolutionGuid = {6A3CD442-6C76-4BA5-B9D3-82DE4E3FC5AF}
	EndGlobalSection
EndGlobal
